
Microsoft Visual Studio Solution File, Format Version 12.00
# Visual Studio Version 17
VisualStudioVersion = 17.10.34928.147
MinimumVisualStudioVersion = 10.0.40219.1
Project("{9A19103F-16F7-4668-BE54-9A1E7A4F7556}") = "ReservaBiblio.Server", "ReservaBiblio.Server\ReservaBiblio.Server.csproj", "{1C42F251-8FC6-4ABD-8FF8-39941590B20F}"
EndProject
Project("{9A19103F-16F7-4668-BE54-9A1E7A4F7556}") = "ReservaBiblio.Shared", "ReservaBiblio.Shared\ReservaBiblio.Shared.csproj", "{FCF25673-0512-46AA-BCFD-5333E7793A7D}"
EndProject
Project("{FAE04EC0-301F-11D3-BF4B-00C04F79EFBC}") = "ReservaBiblio.Client", "ReservaBiblio.Client\ReservaBiblio.Client.csproj", "{5A79846E-0FD2-4588-A50D-4A128FEFE009}"
EndProject
Global
	GlobalSection(SolutionConfigurationPlatforms) = preSolution
		Debug|Any CPU = Debug|Any CPU
		Release|Any CPU = Release|Any CPU
	EndGlobalSection
	GlobalSection(ProjectConfigurationPlatforms) = postSolution
		{1C42F251-8FC6-4ABD-8FF8-39941590B20F}.Debug|Any CPU.ActiveCfg = Debug|Any CPU
		{1C42F251-8FC6-4ABD-8FF8-39941590B20F}.Debug|Any CPU.Build.0 = Debug|Any CPU
		{1C42F251-8FC6-4ABD-8FF8-39941590B20F}.Release|Any CPU.ActiveCfg = Release|Any CPU
		{1C42F251-8FC6-4ABD-8FF8-39941590B20F}.Release|Any CPU.Build.0 = Release|Any CPU
		{FCF25673-0512-46AA-BCFD-5333E7793A7D}.Debug|Any CPU.ActiveCfg = Debug|Any CPU
		{FCF25673-0512-46AA-BCFD-5333E7793A7D}.Debug|Any CPU.Build.0 = Debug|Any CPU
		{FCF25673-0512-46AA-BCFD-5333E7793A7D}.Release|Any CPU.ActiveCfg = Release|Any CPU
		{FCF25673-0512-46AA-BCFD-5333E7793A7D}.Release|Any CPU.Build.0 = Release|Any CPU
		{5A79846E-0FD2-4588-A50D-4A128FEFE009}.Debug|Any CPU.ActiveCfg = Debug|Any CPU
		{5A79846E-0FD2-4588-A50D-4A128FEFE009}.Debug|Any CPU.Build.0 = Debug|Any CPU
		{5A79846E-0FD2-4588-A50D-4A128FEFE009}.Release|Any CPU.ActiveCfg = Release|Any CPU
		{5A79846E-0FD2-4588-A50D-4A128FEFE009}.Release|Any CPU.Build.0 = Release|Any CPU
	EndGlobalSection
	GlobalSection(SolutionProperties) = preSolution
		HideSolutionNode = FALSE
	EndGlobalSection
	GlobalSection(ExtensibilityGlobals) = postSolution
		SolutionGuid = {20523D44-8FB0-4EAF-8CC4-639CDF697F9D}
	EndGlobalSection
EndGlobal
